
Microsoft Visual Studio Solution File, Format Version 12.00
# Visual Studio Version 16
VisualStudioVersion = 16.0.32428.217
MinimumVisualStudioVersion = 10.0.40219.1
Project("{8BC9CEB8-8B4A-11D0-8D11-00A0C91BC942}") = "5.13 第12周", "5.13 第12周\5.13 第12周.vcxproj", "{73A5342D-BAF4-4D26-B197-3ACD89936EB4}"
EndProject
Global
	GlobalSection(SolutionConfigurationPlatforms) = preSolution
		Debug|x64 = Debug|x64
		Debug|x86 = Debug|x86
		Release|x64 = Release|x64
		Release|x86 = Release|x86
	EndGlobalSection
	GlobalSection(ProjectConfigurationPlatforms) = postSolution
		{73A5342D-BAF4-4D26-B197-3ACD89936EB4}.Debug|x64.ActiveCfg = Debug|x64
		{73A5342D-BAF4-4D26-B197-3ACD89936EB4}.Debug|x64.Build.0 = Debug|x64
		{73A5342D-BAF4-4D26-B197-3ACD89936EB4}.Debug|x86.ActiveCfg = Debug|Win32
		{73A5342D-BAF4-4D26-B197-3ACD89936EB4}.Debug|x86.Build.0 = Debug|Win32
		{73A5342D-BAF4-4D26-B197-3ACD89936EB4}.Release|x64.ActiveCfg = Release|x64
		{73A5342D-BAF4-4D26-B197-3ACD89936EB4}.Release|x64.Build.0 = Release|x64
		{73A5342D-BAF4-4D26-B197-3ACD89936EB4}.Release|x86.ActiveCfg = Release|Win32
		{73A5342D-BAF4-4D26-B197-3ACD89936EB4}.Release|x86.Build.0 = Release|Win32
	EndGlobalSection
	GlobalSection(SolutionProperties) = preSolution
		HideSolutionNode = FALSE
	EndGlobalSection
	GlobalSection(ExtensibilityGlobals) = postSolution
		SolutionGuid = {E139107C-2838-4667-8A58-69B91D822FBD}
	EndGlobalSection
EndGlobal
