
Microsoft Visual Studio Solution File, Format Version 12.00
# Visual Studio Version 16
VisualStudioVersion = 16.0.32228.343
MinimumVisualStudioVersion = 10.0.40219.1
Project("{8BC9CEB8-8B4A-11D0-8D11-00A0C91BC942}") = "while循环1", "while循环1\while循环1.vcxproj", "{09AB2AEF-624B-435D-BAE8-AA6FF38CC5ED}"
EndProject
Global
	GlobalSection(SolutionConfigurationPlatforms) = preSolution
		Debug|x64 = Debug|x64
		Debug|x86 = Debug|x86
		Release|x64 = Release|x64
		Release|x86 = Release|x86
	EndGlobalSection
	GlobalSection(ProjectConfigurationPlatforms) = postSolution
		{09AB2AEF-624B-435D-BAE8-AA6FF38CC5ED}.Debug|x64.ActiveCfg = Debug|x64
		{09AB2AEF-624B-435D-BAE8-AA6FF38CC5ED}.Debug|x64.Build.0 = Debug|x64
		{09AB2AEF-624B-435D-BAE8-AA6FF38CC5ED}.Debug|x86.ActiveCfg = Debug|Win32
		{09AB2AEF-624B-435D-BAE8-AA6FF38CC5ED}.Debug|x86.Build.0 = Debug|Win32
		{09AB2AEF-624B-435D-BAE8-AA6FF38CC5ED}.Release|x64.ActiveCfg = Release|x64
		{09AB2AEF-624B-435D-BAE8-AA6FF38CC5ED}.Release|x64.Build.0 = Release|x64
		{09AB2AEF-624B-435D-BAE8-AA6FF38CC5ED}.Release|x86.ActiveCfg = Release|Win32
		{09AB2AEF-624B-435D-BAE8-AA6FF38CC5ED}.Release|x86.Build.0 = Release|Win32
	EndGlobalSection
	GlobalSection(SolutionProperties) = preSolution
		HideSolutionNode = FALSE
	EndGlobalSection
	GlobalSection(ExtensibilityGlobals) = postSolution
		SolutionGuid = {11A7EBCC-3720-42D3-90D4-D01D2CF9ED4F}
	EndGlobalSection
EndGlobal
