
Microsoft Visual Studio Solution File, Format Version 12.00
# Visual Studio Version 16
VisualStudioVersion = 16.0.32428.217
MinimumVisualStudioVersion = 10.0.40219.1
Project("{8BC9CEB8-8B4A-11D0-8D11-00A0C91BC942}") = "5.20 第13周", "5.20 第13周\5.20 第13周.vcxproj", "{9BD80B8F-7E07-49A6-BCD6-1D70C96CFEED}"
EndProject
Global
	GlobalSection(SolutionConfigurationPlatforms) = preSolution
		Debug|x64 = Debug|x64
		Debug|x86 = Debug|x86
		Release|x64 = Release|x64
		Release|x86 = Release|x86
	EndGlobalSection
	GlobalSection(ProjectConfigurationPlatforms) = postSolution
		{9BD80B8F-7E07-49A6-BCD6-1D70C96CFEED}.Debug|x64.ActiveCfg = Debug|x64
		{9BD80B8F-7E07-49A6-BCD6-1D70C96CFEED}.Debug|x64.Build.0 = Debug|x64
		{9BD80B8F-7E07-49A6-BCD6-1D70C96CFEED}.Debug|x86.ActiveCfg = Debug|Win32
		{9BD80B8F-7E07-49A6-BCD6-1D70C96CFEED}.Debug|x86.Build.0 = Debug|Win32
		{9BD80B8F-7E07-49A6-BCD6-1D70C96CFEED}.Release|x64.ActiveCfg = Release|x64
		{9BD80B8F-7E07-49A6-BCD6-1D70C96CFEED}.Release|x64.Build.0 = Release|x64
		{9BD80B8F-7E07-49A6-BCD6-1D70C96CFEED}.Release|x86.ActiveCfg = Release|Win32
		{9BD80B8F-7E07-49A6-BCD6-1D70C96CFEED}.Release|x86.Build.0 = Release|Win32
	EndGlobalSection
	GlobalSection(SolutionProperties) = preSolution
		HideSolutionNode = FALSE
	EndGlobalSection
	GlobalSection(ExtensibilityGlobals) = postSolution
		SolutionGuid = {567366C3-5D19-4D5E-A721-F4DE51C10F80}
	EndGlobalSection
EndGlobal
